
Microsoft Visual Studio Solution File, Format Version 12.00
# Visual Studio Version 16
VisualStudioVersion = 16.0.30011.22
MinimumVisualStudioVersion = 10.0.40219.1
Project("{FAE04EC0-301F-11D3-BF4B-00C04F79EFBC}") = "CsvJack", "CsvJack\CsvJack.csproj", "{C36054DF-9FC2-4CBA-A54C-AB535F4EAEB0}"
EndProject
Project("{FAE04EC0-301F-11D3-BF4B-00C04F79EFBC}") = "CsvJackTest", "CsvJackTest\CsvJackTest.csproj", "{81AB0F3E-08C8-443A-BF91-CC2DCF060D41}"
EndProject
Global
	GlobalSection(SolutionConfigurationPlatforms) = preSolution
		Debug|Any CPU = Debug|Any CPU
		Release|Any CPU = Release|Any CPU
	EndGlobalSection
	GlobalSection(ProjectConfigurationPlatforms) = postSolution
		{C36054DF-9FC2-4CBA-A54C-AB535F4EAEB0}.Debug|Any CPU.ActiveCfg = Debug|Any CPU
		{C36054DF-9FC2-4CBA-A54C-AB535F4EAEB0}.Debug|Any CPU.Build.0 = Debug|Any CPU
		{C36054DF-9FC2-4CBA-A54C-AB535F4EAEB0}.Release|Any CPU.ActiveCfg = Release|Any CPU
		{C36054DF-9FC2-4CBA-A54C-AB535F4EAEB0}.Release|Any CPU.Build.0 = Release|Any CPU
		{81AB0F3E-08C8-443A-BF91-CC2DCF060D41}.Debug|Any CPU.ActiveCfg = Debug|Any CPU
		{81AB0F3E-08C8-443A-BF91-CC2DCF060D41}.Debug|Any CPU.Build.0 = Debug|Any CPU
		{81AB0F3E-08C8-443A-BF91-CC2DCF060D41}.Release|Any CPU.ActiveCfg = Release|Any CPU
		{81AB0F3E-08C8-443A-BF91-CC2DCF060D41}.Release|Any CPU.Build.0 = Release|Any CPU
	EndGlobalSection
	GlobalSection(SolutionProperties) = preSolution
		HideSolutionNode = FALSE
	EndGlobalSection
	GlobalSection(ExtensibilityGlobals) = postSolution
		SolutionGuid = {A20F41EA-AE15-4E1E-935F-6D29AF3FF801}
	EndGlobalSection
EndGlobal
